github.com/c9s/goprocinfo v0.0.0-20200311234719-5750cbd54a3b h1:djdFzvwQ8aPNEGiXLnV3i10hYxwFWBjimcGxmt5gDuo=
github.com/c9s/goprocinfo v0.0.0-20200311234719-5750cbd54a3b/go.mod h1:uEyr4WpAH4hio6LFriaPkL938XnrvLpNPmQHBdrmbIE=
github.com/capnm/sysinfo v0.0.0-20130621111458-5909a53897f3 h1:IHZ1Le1ejzkmS7Si7dIzJvYDWe+BIoNmqMnfWHBZSVw=
github.com/capnm/sysinfo v0.0.0-20130621111458-5909a53897f3/go.mod h1:M5XHQLu90v2JNm/bW2tdsYar+5vhV0gEcBcmDBNAN1Y=
github.com/distatus/battery v0.10.0 h1:YbizvmV33mqqC1fPCAEaQGV3bBhfYOfM+2XmL+mvt5o=
github.com/distatus/battery v0.10.0/go.mod h1:STnSvFLX//eEpkaN7qWRxCWxrWOcssTDgnG4yqq9BRE=
github.com/dustin/go-humanize v1.0.0 h1:VSnTsYCnlFHaM2/igO1h6X3HA71jcobQuxemgkq4zYo=
github.com/dustin/go-humanize v1.0.0/go.mod h1:HtrtbFcZ19U5GC7JDqmcUSB87Iq5E25KnS6fMYU6eOk=
github.com/jessevdk/go-flags v1.4.0/go.mod h1:4FA24M0QyGHXBuZZK/XkWh8h0e1EYbRYJSGM75WSRxI=
github.com/kr/pretty v0.1.0/go.mod h1:dAy3ld7l9f0ibDNOQOHHMYYIIbhfbHSm3C4ZsoJORNo=
github.com/kr/pty v1.1.1/go.mod h1:pFQYn66WHrOpPYNljwOMqo10TkYh1fy3cYio2l3bCsQ=
github.com/kr/text v0.1.0/go.mod h1:4Jbv+DJW3UT/LiOwJeYQe1efqtUx/iVham/4vfdArNI=
github.com/mackerelio/go-osstat v0.1.0 h1:e57QHeHob8kKJ5FhcXGdzx5O6Ktuc5RHMDIkeqhgkFA=
github.com/mackerelio/go-osstat v0.1.0/go.mod h1:1K3NeYLhMHPvzUu+ePYXtoB58wkaRpxZsGClZBJyIFw=
golang.org/x/sys v0.0.0-20190410235845-0ad05ae3009d/go.mod h1:h1NjWce9XRLGQEsW7wpKNCjG9DtNlClVuFLEZdDNbEs=
golang.org/x/sys v0.0.0-20190912141932-bc967efca4b8 h1:41hwlulw1prEMBxLQSlMSux1zxJf07B3WPsdjJlKZxE=
golang.org/x/sys v0.0.0-20190912141932-bc967efca4b8/go.mod h1:h1NjWce9XRLGQEsW7wpKNCjG9DtNlClVuFLEZdDNbEs=
golang.org/x/sys v0.0.0-20201130171929-760e229fe7c5 h1:dMDtAap8F/+vsyXblqK90iTzYJjNix5MsXDicSYol6w=
golang.org/x/sys v0.0.0-20201130171929-760e229fe7c5/go.mod h1:h1NjWce9XRLGQEsW7wpKNCjG9DtNlClVuFLEZdDNbEs=
gopkg.in/check.v1 v0.0.0-20161208181325-20d25e280405/go.mod h1:Co6ibVJAznAaIkqp8huTwlJQCZ016jof/cbN4VW5Yz0=
gopkg.in/check.v1 v1.0.0-20180628173108-788fd7840127/go.mod h1:Co6ibVJAznAaIkqp8huTwlJQCZ016jof/cbN4VW5Yz0=
gopkg.in/yaml.v2 v2.2.1/go.mod h1:hI93XBmqTisBFMUTm0b8Fm+jr3Dg1NNxqwp+5A1VGuI=
howett.net/plist v0.0.0-20181124034731-591f970eefbb h1:jhnBjNi9UFpfpl8YZhA9CrOqpnJdvzuiHsl/dnxl11M=
howett.net/plist v0.0.0-20181124034731-591f970eefbb/go.mod h1:vMygbs4qMhSZSc4lCUl2OEE+rDiIIJAIdR4m7MiMcm0=
howett.net/plist v0.0.0-20201026045517-117a925f2150 h1:s7O/9fwMNd6O1yXyQ8zv+U7dfl8k+zdiLWAY8h7XdVI=
howett.net/plist v0.0.0-20201026045517-117a925f2150/go.mod h1:vMygbs4qMhSZSc4lCUl2OEE+rDiIIJAIdR4m7MiMcm0=
